// !$*UTF8*$!
{
	archiveVersion = 1;
	classes = {
	};
	objectVersion = 46;
	objects = {

/* Begin PBXBuildFile section */
		2F6D2DE21E135DB100C1DFCD /* YJPopViewManager.m in Sources */ = {isa = PBXBuildFile; fileRef = 2F6D2DE11E135DB100C1DFCD /* YJPopViewManager.m */; };
		2F7BB7A51E1242B7004B9C5A /* main.m in Sources */ = {isa = PBXBuildFile; fileRef = 2F7BB7A41E1242B7004B9C5A /* main.m */; };
		2F7BB7A81E1242B7004B9C5A /* AppDelegate.m in Sources */ = {isa = PBXBuildFile; fileRef = 2F7BB7A71E1242B7004B9C5A /* AppDelegate.m */; };
		2F7BB7AB1E1242B7004B9C5A /* ViewController.m in Sources */ = {isa = PBXBuildFile; fileRef = 2F7BB7AA1E1242B7004B9C5A /* ViewController.m */; };
		2F7BB7AE1E1242B7004B9C5A /* Main.storyboard in Resources */ = {isa = PBXBuildFile; fileRef = 2F7BB7AC1E1242B7004B9C5A /* Main.storyboard */; };
		2F7BB7B01E1242B7004B9C5A /* Assets.xcassets in Resources */ = {isa = PBXBuildFile; fileRef = 2F7BB7AF1E1242B7004B9C5A /* Assets.xcassets */; };
		2F7BB7B31E1242B7004B9C5A /* LaunchScreen.storyboard in Resources */ = {isa = PBXBuildFile; fileRef = 2F7BB7B11E1242B7004B9C5A /* LaunchScreen.storyboard */; };
		2F7BB7C21E124DB4004B9C5A /* YJPopoverView.m in Sources */ = {isa = PBXBuildFile; fileRef = 2F7BB7BD1E124DB4004B9C5A /* YJPopoverView.m */; };
		2F7BB7C61E124EE0004B9C5A /* YJPopoverController.m in Sources */ = {isa = PBXBuildFile; fileRef = 2F7BB7C41E124EE0004B9C5A /* YJPopoverController.m */; };
		2F7BB7CB1E12580D004B9C5A /* YJPopoverContentController.m in Sources */ = {isa = PBXBuildFile; fileRef = 2F7BB7C91E12580D004B9C5A /* YJPopoverContentController.m */; };
		2F7BB7CC1E12580D004B9C5A /* YJPopoverContentController.xib in Resources */ = {isa = PBXBuildFile; fileRef = 2F7BB7CA1E12580D004B9C5A /* YJPopoverContentController.xib */; };
/* End PBXBuildFile section */

/* Begin PBXFileReference section */
		2F6D2DE01E135DB100C1DFCD /* YJPopViewManager.h */ = {isa = PBXFileReference; fileEncoding = 4; lastKnownFileType = sourcecode.c.h; path = YJPopViewManager.h; sourceTree = "<group>"; };
		2F6D2DE11E135DB100C1DFCD /* YJPopViewManager.m */ = {isa = PBXFileReference; fileEncoding = 4; lastKnownFileType = sourcecode.c.objc; path = YJPopViewManager.m; sourceTree = "<group>"; };
		2F6D2DE31E135ED200C1DFCD /* popoverDemo.pch */ = {isa = PBXFileReference; fileEncoding = 4; lastKnownFileType = sourcecode.c.h; path = popoverDemo.pch; sourceTree = "<group>"; };
		2F6D2DE41E135F8700C1DFCD /* YJ_const.h */ = {isa = PBXFileReference; lastKnownFileType = sourcecode.c.h; path = YJ_const.h; sourceTree = "<group>"; };
		2F7BB7A01E1242B7004B9C5A /* YJPopoverDemo.app */ = {isa = PBXFileReference; explicitFileType = wrapper.application; includeInIndex = 0; path = YJPopoverDemo.app; sourceTree = BUILT_PRODUCTS_DIR; };
		2F7BB7A41E1242B7004B9C5A /* main.m */ = {isa = PBXFileReference; lastKnownFileType = sourcecode.c.objc; path = main.m; sourceTree = "<group>"; };
		2F7BB7A61E1242B7004B9C5A /* AppDelegate.h */ = {isa = PBXFileReference; lastKnownFileType = sourcecode.c.h; path = AppDelegate.h; sourceTree = "<group>"; };
		2F7BB7A71E1242B7004B9C5A /* AppDelegate.m */ = {isa = PBXFileReference; lastKnownFileType = sourcecode.c.objc; path = AppDelegate.m; sourceTree = "<group>"; };
		2F7BB7A91E1242B7004B9C5A /* ViewController.h */ = {isa = PBXFileReference; lastKnownFileType = sourcecode.c.h; path = ViewController.h; sourceTree = "<group>"; };
		2F7BB7AA1E1242B7004B9C5A /* ViewController.m */ = {isa = PBXFileReference; lastKnownFileType = sourcecode.c.objc; path = ViewController.m; sourceTree = "<group>"; };
		2F7BB7AD1E1242B7004B9C5A /* Base */ = {isa = PBXFileReference; lastKnownFileType = file.storyboard; name = Base; path = Base.lproj/Main.storyboard; sourceTree = "<group>"; };
		2F7BB7AF1E1242B7004B9C5A /* Assets.xcassets */ = {isa = PBXFileReference; lastKnownFileType = folder.assetcatalog; path = Assets.xcassets; sourceTree = "<group>"; };
		2F7BB7B21E1242B7004B9C5A /* Base */ = {isa = PBXFileReference; lastKnownFileType = file.storyboard; name = Base; path = Base.lproj/LaunchScreen.storyboard; sourceTree = "<group>"; };
		2F7BB7B41E1242B7004B9C5A /* Info.plist */ = {isa = PBXFileReference; lastKnownFileType = text.plist.xml; path = Info.plist; sourceTree = "<group>"; };
		2F7BB7BD1E124DB4004B9C5A /* YJPopoverView.m */ = {isa = PBXFileReference; fileEncoding = 4; lastKnownFileType = sourcecode.c.objc; path = YJPopoverView.m; sourceTree = "<group>"; };
		2F7BB7BF1E124DB4004B9C5A /* YJPopoverView.h */ = {isa = PBXFileReference; fileEncoding = 4; lastKnownFileType = sourcecode.c.h; path = YJPopoverView.h; sourceTree = "<group>"; };
		2F7BB7C31E124EE0004B9C5A /* YJPopoverController.h */ = {isa = PBXFileReference; fileEncoding = 4; lastKnownFileType = sourcecode.c.h; path = YJPopoverController.h; sourceTree = "<group>"; };
		2F7BB7C41E124EE0004B9C5A /* YJPopoverController.m */ = {isa = PBXFileReference; fileEncoding = 4; lastKnownFileType = sourcecode.c.objc; path = YJPopoverController.m; sourceTree = "<group>"; };
		2F7BB7C81E12580D004B9C5A /* YJPopoverContentController.h */ = {isa = PBXFileReference; fileEncoding = 4; lastKnownFileType = sourcecode.c.h; path = YJPopoverContentController.h; sourceTree = "<group>"; };
		2F7BB7C91E12580D004B9C5A /* YJPopoverContentController.m */ = {isa = PBXFileReference; fileEncoding = 4; lastKnownFileType = sourcecode.c.objc; path = YJPopoverContentController.m; sourceTree = "<group>"; };
		2F7BB7CA1E12580D004B9C5A /* YJPopoverContentController.xib */ = {isa = PBXFileReference; fileEncoding = 4; lastKnownFileType = file.xib; path = YJPopoverContentController.xib; sourceTree = "<group>"; };
/* End PBXFileReference section */

/* Begin PBXFrameworksBuildPhase section */
		2F7BB79D1E1242B7004B9C5A /* Frameworks */ = {
			isa = PBXFrameworksBuildPhase;
			buildActionMask = 2147483647;
			files = (
			);
			runOnlyForDeploymentPostprocessing = 0;
		};
/* End PBXFrameworksBuildPhase section */

/* Begin PBXGroup section */
		2F7BB7971E1242B7004B9C5A = {
			isa = PBXGroup;
			children = (
				2F7BB7A21E1242B7004B9C5A /* YJPopoverDemo */,
				2F7BB7A11E1242B7004B9C5A /* Products */,
			);
			sourceTree = "<group>";
		};
		2F7BB7A11E1242B7004B9C5A /* Products */ = {
			isa = PBXGroup;
			children = (
				2F7BB7A01E1242B7004B9C5A /* YJPopoverDemo.app */,
			);
			name = Products;
			sourceTree = "<group>";
		};
		2F7BB7A21E1242B7004B9C5A /* YJPopoverDemo */ = {
			isa = PBXGroup;
			children = (
				2F7BB7A61E1242B7004B9C5A /* AppDelegate.h */,
				2F7BB7A71E1242B7004B9C5A /* AppDelegate.m */,
				2F7BB7A91E1242B7004B9C5A /* ViewController.h */,
				2F7BB7AA1E1242B7004B9C5A /* ViewController.m */,
				2F7BB7C81E12580D004B9C5A /* YJPopoverContentController.h */,
				2F7BB7C91E12580D004B9C5A /* YJPopoverContentController.m */,
				2F7BB7CA1E12580D004B9C5A /* YJPopoverContentController.xib */,
				2F7BB7C31E124EE0004B9C5A /* YJPopoverController.h */,
				2F7BB7C41E124EE0004B9C5A /* YJPopoverController.m */,
				2F7BB7BF1E124DB4004B9C5A /* YJPopoverView.h */,
				2F7BB7BD1E124DB4004B9C5A /* YJPopoverView.m */,
				2F6D2DE01E135DB100C1DFCD /* YJPopViewManager.h */,
				2F6D2DE11E135DB100C1DFCD /* YJPopViewManager.m */,
				2F6D2DE41E135F8700C1DFCD /* YJ_const.h */,
				2F7BB7AC1E1242B7004B9C5A /* Main.storyboard */,
				2F7BB7AF1E1242B7004B9C5A /* Assets.xcassets */,
				2F7BB7B11E1242B7004B9C5A /* LaunchScreen.storyboard */,
				2F7BB7B41E1242B7004B9C5A /* Info.plist */,
				2F6D2DE31E135ED200C1DFCD /* popoverDemo.pch */,
				2F7BB7A31E1242B7004B9C5A /* Supporting Files */,
			);
			path = YJPopoverDemo;
			sourceTree = "<group>";
		};
		2F7BB7A31E1242B7004B9C5A /* Supporting Files */ = {
			isa = PBXGroup;
			children = (
				2F7BB7A41E1242B7004B9C5A /* main.m */,
			);
			name = "Supporting Files";
			sourceTree = "<group>";
		};
/* End PBXGroup section */

/* Begin PBXNativeTarget section */
		2F7BB79F1E1242B7004B9C5A /* YJPopoverDemo */ = {
			isa = PBXNativeTarget;
			buildConfigurationList = 2F7BB7B71E1242B7004B9C5A /* Build configuration list for PBXNativeTarget "YJPopoverDemo" */;
			buildPhases = (
				2F7BB79C1E1242B7004B9C5A /* Sources */,
				2F7BB79D1E1242B7004B9C5A /* Frameworks */,
				2F7BB79E1E1242B7004B9C5A /* Resources */,
			);
			buildRules = (
			);
			dependencies = (
			);
			name = YJPopoverDemo;
			productName = YJPopoverDemo;
			productReference = 2F7BB7A01E1242B7004B9C5A /* YJPopoverDemo.app */;
			productType = "com.apple.product-type.application";
		};
/* End PBXNativeTarget section */

/* Begin PBXProject section */
		2F7BB7981E1242B7004B9C5A /* Project object */ = {
			isa = PBXProject;
			attributes = {
				LastUpgradeCheck = 0730;
				ORGANIZATIONNAME = yangjun;
				TargetAttributes = {
					2F7BB79F1E1242B7004B9C5A = {
						CreatedOnToolsVersion = 7.3.1;
					};
				};
			};
			buildConfigurationList = 2F7BB79B1E1242B7004B9C5A /* Build configuration list for PBXProject "YJPopoverDemo" */;
			compatibilityVersion = "Xcode 3.2";
			developmentRegion = English;
			hasScannedForEncodings = 0;
			knownRegions = (
				en,
				Base,
			);
			mainGroup = 2F7BB7971E1242B7004B9C5A;
			productRefGroup = 2F7BB7A11E1242B7004B9C5A /* Products */;
			projectDirPath = "";
			projectRoot = "";
			targets = (
				2F7BB79F1E1242B7004B9C5A /* YJPopoverDemo */,
			);
		};
/* End PBXProject section */

/* Begin PBXResourcesBuildPhase section */
		2F7BB79E1E1242B7004B9C5A /* Resources */ = {
			isa = PBXResourcesBuildPhase;
			buildActionMask = 2147483647;
			files = (
				2F7BB7B31E1242B7004B9C5A /* LaunchScreen.storyboard in Resources */,
				2F7BB7B01E1242B7004B9C5A /* Assets.xcassets in Resources */,
				2F7BB7AE1E1242B7004B9C5A /* Main.storyboard in Resources */,
				2F7BB7CC1E12580D004B9C5A /* YJPopoverContentController.xib in Resources */,
			);
			runOnlyForDeploymentPostprocessing = 0;
		};
/* End PBXResourcesBuildPhase section */

/* Begin PBXSourcesBuildPhase section */
		2F7BB79C1E1242B7004B9C5A /* Sources */ = {
			isa = PBXSourcesBuildPhase;
			buildActionMask = 2147483647;
			files = (
				2F7BB7C61E124EE0004B9C5A /* YJPopoverController.m in Sources */,
				2F7BB7CB1E12580D004B9C5A /* YJPopoverContentController.m in Sources */,
				2F7BB7AB1E1242B7004B9C5A /* ViewController.m in Sources */,
				2F7BB7A81E1242B7004B9C5A /* AppDelegate.m in Sources */,
				2F6D2DE21E135DB100C1DFCD /* YJPopViewManager.m in Sources */,
				2F7BB7C21E124DB4004B9C5A /* YJPopoverView.m in Sources */,
				2F7BB7A51E1242B7004B9C5A /* main.m in Sources */,
			);
			runOnlyForDeploymentPostprocessing = 0;
		};
/* End PBXSourcesBuildPhase section */

/* Begin PBXVariantGroup section */
		2F7BB7AC1E1242B7004B9C5A /* Main.storyboard */ = {
			isa = PBXVariantGroup;
			children = (
				2F7BB7AD1E1242B7004B9C5A /* Base */,
			);
			name = Main.storyboard;
			sourceTree = "<group>";
		};
		2F7BB7B11E1242B7004B9C5A /* LaunchScreen.storyboard */ = {
			isa = PBXVariantGroup;
			children = (
				2F7BB7B21E1242B7004B9C5A /* Base */,
			);
			name = LaunchScreen.storyboard;
			sourceTree = "<group>";
		};
/* End PBXVariantGroup section */

/* Begin XCBuildConfiguration section */
		2F7BB7B51E1242B7004B9C5A /* Debug */ = {
			isa = XCBuildConfiguration;
			buildSettings = {
				ALWAYS_SEARCH_USER_PATHS = NO;
				CLANG_ANALYZER_NONNULL = YES;
				CLANG_CXX_LANGUAGE_STANDARD = "gnu++0x";
				CLANG_CXX_LIBRARY = "libc++";
				CLANG_ENABLE_MODULES = YES;
				CLANG_ENABLE_OBJC_ARC = YES;
				CLANG_WARN_BOOL_CONVERSION = YES;
				CLANG_WARN_CONSTANT_CONVERSION = YES;
				CLANG_WARN_DIRECT_OBJC_ISA_USAGE = YES_ERROR;
				CLANG_WARN_EMPTY_BODY = YES;
				CLANG_WARN_ENUM_CONVERSION = YES;
				CLANG_WARN_INT_CONVERSION = YES;
				CLANG_WARN_OBJC_ROOT_CLASS = YES_ERROR;
				CLANG_WARN_UNREACHABLE_CODE = YES;
				CLANG_WARN__DUPLICATE_METHOD_MATCH = YES;
				"CODE_SIGN_IDENTITY[sdk=iphoneos*]" = "iPhone Developer";
				COPY_PHASE_STRIP = NO;
				DEBUG_INFORMATION_FORMAT = dwarf;
				ENABLE_STRICT_OBJC_MSGSEND = YES;
				ENABLE_TESTABILITY = YES;
				GCC_C_LANGUAGE_STANDARD = gnu99;
				GCC_DYNAMIC_NO_PIC = NO;
				GCC_NO_COMMON_BLOCKS = YES;
				GCC_OPTIMIZATION_LEVEL = 0;
				GCC_PREPROCESSOR_DEFINITIONS = (
					"DEBUG=1",
					"$(inherited)",
				);
				GCC_WARN_64_TO_32_BIT_CONVERSION = YES;
				GCC_WARN_ABOUT_RETURN_TYPE = YES_ERROR;
				GCC_WARN_UNDECLARED_SELECTOR = YES;
				GCC_WARN_UNINITIALIZED_AUTOS = YES_AGGRESSIVE;
				GCC_WARN_UNUSED_FUNCTION = YES;
				GCC_WARN_UNUSED_VARIABLE = YES;
				IPHONEOS_DEPLOYMENT_TARGET = 9.3;
				MTL_ENABLE_DEBUG_INFO = YES;
				ONLY_ACTIVE_ARCH = YES;
				SDKROOT = iphoneos;
			};
			name = Debug;
		};
		2F7BB7B61E1242B7004B9C5A /* Release */ = {
			isa = XCBuildConfiguration;
			buildSettings = {
				ALWAYS_SEARCH_USER_PATHS = NO;
				CLANG_ANALYZER_NONNULL = YES;
				CLANG_CXX_LANGUAGE_STANDARD = "gnu++0x";
				CLANG_CXX_LIBRARY = "libc++";
				CLANG_ENABLE_MODULES = YES;
				CLANG_ENABLE_OBJC_ARC = YES;
				CLANG_WARN_BOOL_CONVERSION = YES;
				CLANG_WARN_CONSTANT_CONVERSION = YES;
				CLANG_WARN_DIRECT_OBJC_ISA_USAGE = YES_ERROR;
				CLANG_WARN_EMPTY_BODY = YES;
				CLANG_WARN_ENUM_CONVERSION = YES;
				CLANG_WARN_INT_CONVERSION = YES;
				CLANG_WARN_OBJC_ROOT_CLASS = YES_ERROR;
				CLANG_WARN_UNREACHABLE_CODE = YES;
				CLANG_WARN__DUPLICATE_METHOD_MATCH = YES;
				"CODE_SIGN_IDENTITY[sdk=iphoneos*]" = "iPhone Developer";
				COPY_PHASE_STRIP = NO;
				DEBUG_INFORMATION_FORMAT = "dwarf-with-dsym";
				ENABLE_NS_ASSERTIONS = NO;
				ENABLE_STRICT_OBJC_MSGSEND = YES;
				GCC_C_LANGUAGE_STANDARD = gnu99;
				GCC_NO_COMMON_BLOCKS = YES;
				GCC_WARN_64_TO_32_BIT_CONVERSION = YES;
				GCC_WARN_ABOUT_RETURN_TYPE = YES_ERROR;
				GCC_WARN_UNDECLARED_SELECTOR = YES;
				GCC_WARN_UNINITIALIZED_AUTOS = YES_AGGRESSIVE;
				GCC_WARN_UNUSED_FUNCTION = YES;
				GCC_WARN_UNUSED_VARIABLE = YES;
				IPHONEOS_DEPLOYMENT_TARGET = 9.3;
				MTL_ENABLE_DEBUG_INFO = NO;
				SDKROOT = iphoneos;
				VALIDATE_PRODUCT = YES;
			};
			name = Release;
		};
		2F7BB7B81E1242B7004B9C5A /* Debug */ = {
			isa = XCBuildConfiguration;
			buildSettings = {
				ASSETCATALOG_COMPILER_APPICON_NAME = AppIcon;
				GCC_PRECOMPILE_PREFIX_HEADER = YES;
				GCC_PREFIX_HEADER = "$(SRCROOT)/YJPopoverDemo/popoverDemo.pch";
				INFOPLIST_FILE = YJPopoverDemo/Info.plist;
				LD_RUNPATH_SEARCH_PATHS = "$(inherited) @executable_path/Frameworks";
				PRODUCT_BUNDLE_IDENTIFIER = dddd.YJPopoverDemo;
				PRODUCT_NAME = "$(TARGET_NAME)";
			};
			name = Debug;
		};
		2F7BB7B91E1242B7004B9C5A /* Release */ = {
			isa = XCBuildConfiguration;
			buildSettings = {
				ASSETCATALOG_COMPILER_APPICON_NAME = AppIcon;
				GCC_PRECOMPILE_PREFIX_HEADER = YES;
				GCC_PREFIX_HEADER = "$(SRCROOT)/YJPopoverDemo/popoverDemo.pch";
				INFOPLIST_FILE = YJPopoverDemo/Info.plist;
				LD_RUNPATH_SEARCH_PATHS = "$(inherited) @executable_path/Frameworks";
				PRODUCT_BUNDLE_IDENTIFIER = dddd.YJPopoverDemo;
				PRODUCT_NAME = "$(TARGET_NAME)";
			};
			name = Release;
		};
/* End XCBuildConfiguration section */

/* Begin XCConfigurationList section */
		2F7BB79B1E1242B7004B9C5A /* Build configuration list for PBXProject "YJPopoverDemo" */ = {
			isa = XCConfigurationList;
			buildConfigurations = (
				2F7BB7B51E1242B7004B9C5A /* Debug */,
				2F7BB7B61E1242B7004B9C5A /* Release */,
			);
			defaultConfigurationIsVisible = 0;
			defaultConfigurationName = Release;
		};
		2F7BB7B71E1242B7004B9C5A /* Build configuration list for PBXNativeTarget "YJPopoverDemo" */ = {
			isa = XCConfigurationList;
			buildConfigurations = (
				2F7BB7B81E1242B7004B9C5A /* Debug */,
				2F7BB7B91E1242B7004B9C5A /* Release */,
			);
			defaultConfigurationIsVisible = 0;
			defaultConfigurationName = Release;
		};
/* End XCConfigurationList section */
	};
	rootObject = 2F7BB7981E1242B7004B9C5A /* Project object */;
}
